{
  "version": "3",
  "packages": {
    "specifiers": {
      "jsr:@std/cli@^1.0.1": "jsr:@std/cli@1.0.1",
      "jsr:@std/fmt@^0.225.6": "jsr:@std/fmt@0.225.6",
      "npm:date-fns@^3.6.0": "npm:date-fns@3.6.0"
    },
    "jsr": {
      "@std/cli@1.0.1": {
        "integrity": "d0661fba13b30e3c0121646589fa9beeeabe92482c6b04679ea0e7ec683d97f2"
      },
      "@std/fmt@0.225.6": {
        "integrity": "aba6aea27f66813cecfd9484e074a9e9845782ab0685c030e453a8a70b37afc8"
      }
    },
    "npm": {
      "date-fns@3.6.0": {
        "integrity": "sha512-fRHTG8g/Gif+kSh50gaGEdToemgfj74aRX3swtiouboip5JDLAyDE9F11nHMIcvOaXeOC6D7SpNhi7uFyB7Uww==",
        "dependencies": {}
      }
    }
  },
  "remote": {},
  "workspace": {
    "dependencies": [
      "jsr:@std/assert@^1.0.0",
      "jsr:@std/cli@^1.0.1",
      "jsr:@std/fmt@^0.225.6",
      "npm:date-fns@^3.6.0"
    ]
  }
}
